
Microsoft Visual Studio Solution File, Format Version 12.00
# Visual Studio 15
VisualStudioVersion = 15.0.27130.2020
MinimumVisualStudioVersion = 10.0.40219.1
Project("{FAE04EC0-301F-11D3-BF4B-00C04F79EFBC}") = "RentC.Persistence", "RentC.Persistence\RentC.Persistence.csproj", "{3F70F1A7-9400-4835-B363-E225098E6DEF}"
EndProject
Project("{FAE04EC0-301F-11D3-BF4B-00C04F79EFBC}") = "RentC.DTO", "RentC.DTO\RentC.DTO.csproj", "{3BF0DC39-DA6C-48A2-B8A4-B7A065D6D992}"
EndProject
Project("{FAE04EC0-301F-11D3-BF4B-00C04F79EFBC}") = "RentC.Domain", "RentC.Domain\RentC.Domain.csproj", "{5B8A30F3-FCCA-4997-8601-078FBBE5065F}"
EndProject
Project("{FAE04EC0-301F-11D3-BF4B-00C04F79EFBC}") = "RentC.Presentation", "RentC.Presentation\RentC.Presentation.csproj", "{679E7A1C-50E8-4032-8335-B1D704DE68BB}"
	ProjectSection(ProjectDependencies) = postProject
		{30C8E13B-BA32-4925-8E8F-BBEBEE04D1A5} = {30C8E13B-BA32-4925-8E8F-BBEBEE04D1A5}
	EndProjectSection
EndProject
Project("{FAE04EC0-301F-11D3-BF4B-00C04F79EFBC}") = "WcfServiceLibraryListAvailableCars", "WcfServiceLibraryListAvailableCars\WcfServiceLibraryListAvailableCars.csproj", "{30C8E13B-BA32-4925-8E8F-BBEBEE04D1A5}"
EndProject
Global
	GlobalSection(SolutionConfigurationPlatforms) = preSolution
		Debug|Any CPU = Debug|Any CPU
		Release|Any CPU = Release|Any CPU
	EndGlobalSection
	GlobalSection(ProjectConfigurationPlatforms) = postSolution
		{3F70F1A7-9400-4835-B363-E225098E6DEF}.Debug|Any CPU.ActiveCfg = Debug|Any CPU
		{3F70F1A7-9400-4835-B363-E225098E6DEF}.Debug|Any CPU.Build.0 = Debug|Any CPU
		{3F70F1A7-9400-4835-B363-E225098E6DEF}.Release|Any CPU.ActiveCfg = Release|Any CPU
		{3F70F1A7-9400-4835-B363-E225098E6DEF}.Release|Any CPU.Build.0 = Release|Any CPU
		{3BF0DC39-DA6C-48A2-B8A4-B7A065D6D992}.Debug|Any CPU.ActiveCfg = Debug|Any CPU
		{3BF0DC39-DA6C-48A2-B8A4-B7A065D6D992}.Debug|Any CPU.Build.0 = Debug|Any CPU
		{3BF0DC39-DA6C-48A2-B8A4-B7A065D6D992}.Release|Any CPU.ActiveCfg = Release|Any CPU
		{3BF0DC39-DA6C-48A2-B8A4-B7A065D6D992}.Release|Any CPU.Build.0 = Release|Any CPU
		{5B8A30F3-FCCA-4997-8601-078FBBE5065F}.Debug|Any CPU.ActiveCfg = Debug|Any CPU
		{5B8A30F3-FCCA-4997-8601-078FBBE5065F}.Debug|Any CPU.Build.0 = Debug|Any CPU
		{5B8A30F3-FCCA-4997-8601-078FBBE5065F}.Release|Any CPU.ActiveCfg = Release|Any CPU
		{5B8A30F3-FCCA-4997-8601-078FBBE5065F}.Release|Any CPU.Build.0 = Release|Any CPU
		{679E7A1C-50E8-4032-8335-B1D704DE68BB}.Debug|Any CPU.ActiveCfg = Debug|Any CPU
		{679E7A1C-50E8-4032-8335-B1D704DE68BB}.Debug|Any CPU.Build.0 = Debug|Any CPU
		{679E7A1C-50E8-4032-8335-B1D704DE68BB}.Release|Any CPU.ActiveCfg = Release|Any CPU
		{679E7A1C-50E8-4032-8335-B1D704DE68BB}.Release|Any CPU.Build.0 = Release|Any CPU
		{30C8E13B-BA32-4925-8E8F-BBEBEE04D1A5}.Debug|Any CPU.ActiveCfg = Debug|Any CPU
		{30C8E13B-BA32-4925-8E8F-BBEBEE04D1A5}.Debug|Any CPU.Build.0 = Debug|Any CPU
		{30C8E13B-BA32-4925-8E8F-BBEBEE04D1A5}.Release|Any CPU.ActiveCfg = Release|Any CPU
		{30C8E13B-BA32-4925-8E8F-BBEBEE04D1A5}.Release|Any CPU.Build.0 = Release|Any CPU
	EndGlobalSection
	GlobalSection(SolutionProperties) = preSolution
		HideSolutionNode = FALSE
	EndGlobalSection
	GlobalSection(ExtensibilityGlobals) = postSolution
		SolutionGuid = {7262A3C3-599F-4D63-B599-A5F86591EC79}
	EndGlobalSection
EndGlobal
